// !$*UTF8*$!
{
	archiveVersion = 1;
	classes = {
	};
	objectVersion = 48;
	objects = {

/* Begin PBXBuildFile section */
		3CB182F92005690E007E9EF6 /* main.cpp in Sources */ = {isa = PBXBuildFile; fileRef = 3CB182F82005690E007E9EF6 /* main.cpp */; };
		3CB183012005696A007E9EF6 /* OpenGL.framework in Frameworks */ = {isa = PBXBuildFile; fileRef = 3CB183002005696A007E9EF6 /* OpenGL.framework */; };
		3CB183042005697E007E9EF6 /* window.cpp in Sources */ = {isa = PBXBuildFile; fileRef = 3CB183022005697E007E9EF6 /* window.cpp */; };
		3CB1830820056C5D007E9EF6 /* shader.cpp in Sources */ = {isa = PBXBuildFile; fileRef = 3CB1830620056C5D007E9EF6 /* shader.cpp */; };
		3CB1830B20056CEC007E9EF6 /* buffer.cpp in Sources */ = {isa = PBXBuildFile; fileRef = 3CB1830920056CEC007E9EF6 /* buffer.cpp */; };
		3CB1830E20057C38007E9EF6 /* camera.cpp in Sources */ = {isa = PBXBuildFile; fileRef = 3CB1830C20057C38007E9EF6 /* camera.cpp */; };
		3CB1831220058576007E9EF6 /* texture.cpp in Sources */ = {isa = PBXBuildFile; fileRef = 3CB1831020058576007E9EF6 /* texture.cpp */; };
		3CB1831E2005C582007E9EF6 /* cube.cpp in Sources */ = {isa = PBXBuildFile; fileRef = 3CB1831C2005C582007E9EF6 /* cube.cpp */; };
		3CB1832820068168007E9EF6 /* chunk.cpp in Sources */ = {isa = PBXBuildFile; fileRef = 3CB1832620068168007E9EF6 /* chunk.cpp */; };
		3CFB484920069CC100F60A4D /* text.cpp in Sources */ = {isa = PBXBuildFile; fileRef = 3CFB484720069CC100F60A4D /* text.cpp */; };
/* End PBXBuildFile section */

/* Begin PBXCopyFilesBuildPhase section */
		3CB182F32005690E007E9EF6 /* CopyFiles */ = {
			isa = PBXCopyFilesBuildPhase;
			buildActionMask = 2147483647;
			dstPath = /usr/share/man/man1/;
			dstSubfolderSpec = 0;
			files = (
			);
			runOnlyForDeploymentPostprocessing = 1;
		};
/* End PBXCopyFilesBuildPhase section */

/* Begin PBXFileReference section */
		3CB182F52005690E007E9EF6 /* OpenGLPractice */ = {isa = PBXFileReference; explicitFileType = "compiled.mach-o.executable"; includeInIndex = 0; path = OpenGLPractice; sourceTree = BUILT_PRODUCTS_DIR; };
		3CB182F82005690E007E9EF6 /* main.cpp */ = {isa = PBXFileReference; lastKnownFileType = sourcecode.cpp.cpp; path = main.cpp; sourceTree = "<group>"; };
		3CB183002005696A007E9EF6 /* OpenGL.framework */ = {isa = PBXFileReference; lastKnownFileType = wrapper.framework; name = OpenGL.framework; path = System/Library/Frameworks/OpenGL.framework; sourceTree = SDKROOT; };
		3CB183022005697E007E9EF6 /* window.cpp */ = {isa = PBXFileReference; lastKnownFileType = sourcecode.cpp.cpp; path = window.cpp; sourceTree = "<group>"; };
		3CB183032005697E007E9EF6 /* window.hpp */ = {isa = PBXFileReference; lastKnownFileType = sourcecode.cpp.h; path = window.hpp; sourceTree = "<group>"; };
		3CB1830620056C5D007E9EF6 /* shader.cpp */ = {isa = PBXFileReference; lastKnownFileType = sourcecode.cpp.cpp; path = shader.cpp; sourceTree = "<group>"; };
		3CB1830720056C5D007E9EF6 /* shader.hpp */ = {isa = PBXFileReference; lastKnownFileType = sourcecode.cpp.h; path = shader.hpp; sourceTree = "<group>"; };
		3CB1830920056CEC007E9EF6 /* buffer.cpp */ = {isa = PBXFileReference; lastKnownFileType = sourcecode.cpp.cpp; path = buffer.cpp; sourceTree = "<group>"; };
		3CB1830A20056CEC007E9EF6 /* buffer.hpp */ = {isa = PBXFileReference; lastKnownFileType = sourcecode.cpp.h; path = buffer.hpp; sourceTree = "<group>"; };
		3CB1830C20057C38007E9EF6 /* camera.cpp */ = {isa = PBXFileReference; lastKnownFileType = sourcecode.cpp.cpp; path = camera.cpp; sourceTree = "<group>"; };
		3CB1830D20057C38007E9EF6 /* camera.hpp */ = {isa = PBXFileReference; lastKnownFileType = sourcecode.cpp.h; path = camera.hpp; sourceTree = "<group>"; };
		3CB1830F20058562007E9EF6 /* stb_image.h */ = {isa = PBXFileReference; lastKnownFileType = sourcecode.c.h; path = stb_image.h; sourceTree = "<group>"; };
		3CB1831020058576007E9EF6 /* texture.cpp */ = {isa = PBXFileReference; lastKnownFileType = sourcecode.cpp.cpp; path = texture.cpp; sourceTree = "<group>"; };
		3CB1831120058576007E9EF6 /* texture.hpp */ = {isa = PBXFileReference; lastKnownFileType = sourcecode.cpp.h; path = texture.hpp; sourceTree = "<group>"; };
		3CB183142005B6F4007E9EF6 /* pyramid.h */ = {isa = PBXFileReference; lastKnownFileType = sourcecode.c.h; path = pyramid.h; sourceTree = "<group>"; };
		3CB183152005B8AB007E9EF6 /* cube.h */ = {isa = PBXFileReference; lastKnownFileType = sourcecode.c.h; path = cube.h; sourceTree = "<group>"; };
		3CB183172005C4EC007E9EF6 /* transform.h */ = {isa = PBXFileReference; lastKnownFileType = sourcecode.c.h; path = transform.h; sourceTree = "<group>"; };
		3CB1831C2005C582007E9EF6 /* cube.cpp */ = {isa = PBXFileReference; lastKnownFileType = sourcecode.cpp.cpp; path = cube.cpp; sourceTree = "<group>"; };
		3CB1831D2005C582007E9EF6 /* cube.hpp */ = {isa = PBXFileReference; lastKnownFileType = sourcecode.cpp.h; path = cube.hpp; sourceTree = "<group>"; };
		3CB1832620068168007E9EF6 /* chunk.cpp */ = {isa = PBXFileReference; lastKnownFileType = sourcecode.cpp.cpp; path = chunk.cpp; sourceTree = "<group>"; };
		3CB1832720068168007E9EF6 /* chunk.hpp */ = {isa = PBXFileReference; lastKnownFileType = sourcecode.cpp.h; path = chunk.hpp; sourceTree = "<group>"; };
		3CFB484720069CC100F60A4D /* text.cpp */ = {isa = PBXFileReference; lastKnownFileType = sourcecode.cpp.cpp; path = text.cpp; sourceTree = "<group>"; };
		3CFB484820069CC100F60A4D /* text.hpp */ = {isa = PBXFileReference; lastKnownFileType = sourcecode.cpp.h; path = text.hpp; sourceTree = "<group>"; };
/* End PBXFileReference section */

/* Begin PBXFrameworksBuildPhase section */
		3CB182F22005690E007E9EF6 /* Frameworks */ = {
			isa = PBXFrameworksBuildPhase;
			buildActionMask = 2147483647;
			files = (
				3CB183012005696A007E9EF6 /* OpenGL.framework in Frameworks */,
			);
			runOnlyForDeploymentPostprocessing = 0;
		};
/* End PBXFrameworksBuildPhase section */

/* Begin PBXGroup section */
		3CB182EC2005690E007E9EF6 = {
			isa = PBXGroup;
			children = (
				3CB182F72005690E007E9EF6 /* OpenGLPractice */,
				3CB182F62005690E007E9EF6 /* Products */,
				3CB182FF2005696A007E9EF6 /* Frameworks */,
			);
			sourceTree = "<group>";
		};
		3CB182F62005690E007E9EF6 /* Products */ = {
			isa = PBXGroup;
			children = (
				3CB182F52005690E007E9EF6 /* OpenGLPractice */,
			);
			name = Products;
			sourceTree = "<group>";
		};
		3CB182F72005690E007E9EF6 /* OpenGLPractice */ = {
			isa = PBXGroup;
			children = (
				3CB1831B2005C578007E9EF6 /* assets */,
				3CB183162005C4D8007E9EF6 /* gen */,
				3CB183132005B6E8007E9EF6 /* shapes */,
				3CB1830520056C50007E9EF6 /* render */,
				3CB182F82005690E007E9EF6 /* main.cpp */,
				3CB183022005697E007E9EF6 /* window.cpp */,
				3CB183032005697E007E9EF6 /* window.hpp */,
			);
			path = OpenGLPractice;
			sourceTree = "<group>";
		};
		3CB182FF2005696A007E9EF6 /* Frameworks */ = {
			isa = PBXGroup;
			children = (
				3CB183002005696A007E9EF6 /* OpenGL.framework */,
			);
			name = Frameworks;
			sourceTree = "<group>";
		};
		3CB1830520056C50007E9EF6 /* render */ = {
			isa = PBXGroup;
			children = (
				3CB1830620056C5D007E9EF6 /* shader.cpp */,
				3CB1830720056C5D007E9EF6 /* shader.hpp */,
				3CB1830920056CEC007E9EF6 /* buffer.cpp */,
				3CB1830A20056CEC007E9EF6 /* buffer.hpp */,
				3CB1830C20057C38007E9EF6 /* camera.cpp */,
				3CB1830D20057C38007E9EF6 /* camera.hpp */,
				3CB1830F20058562007E9EF6 /* stb_image.h */,
				3CB1831020058576007E9EF6 /* texture.cpp */,
				3CB1831120058576007E9EF6 /* texture.hpp */,
				3CB183172005C4EC007E9EF6 /* transform.h */,
			);
			path = render;
			sourceTree = "<group>";
		};
		3CB183132005B6E8007E9EF6 /* shapes */ = {
			isa = PBXGroup;
			children = (
				3CB183142005B6F4007E9EF6 /* pyramid.h */,
				3CB183152005B8AB007E9EF6 /* cube.h */,
			);
			path = shapes;
			sourceTree = "<group>";
		};
		3CB183162005C4D8007E9EF6 /* gen */ = {
			isa = PBXGroup;
			children = (
				3CB1832620068168007E9EF6 /* chunk.cpp */,
				3CB1832720068168007E9EF6 /* chunk.hpp */,
				3CFB484720069CC100F60A4D /* text.cpp */,
				3CFB484820069CC100F60A4D /* text.hpp */,
			);
			path = gen;
			sourceTree = "<group>";
		};
		3CB1831B2005C578007E9EF6 /* assets */ = {
			isa = PBXGroup;
			children = (
				3CB1831C2005C582007E9EF6 /* cube.cpp */,
				3CB1831D2005C582007E9EF6 /* cube.hpp */,
			);
			path = assets;
			sourceTree = "<group>";
		};
/* End PBXGroup section */

/* Begin PBXNativeTarget section */
		3CB182F42005690E007E9EF6 /* OpenGLPractice */ = {
			isa = PBXNativeTarget;
			buildConfigurationList = 3CB182FC2005690E007E9EF6 /* Build configuration list for PBXNativeTarget "OpenGLPractice" */;
			buildPhases = (
				3CB182F12005690E007E9EF6 /* Sources */,
				3CB182F22005690E007E9EF6 /* Frameworks */,
				3CB182F32005690E007E9EF6 /* CopyFiles */,
			);
			buildRules = (
			);
			dependencies = (
			);
			name = OpenGLPractice;
			productName = OpenGLPractice;
			productReference = 3CB182F52005690E007E9EF6 /* OpenGLPractice */;
			productType = "com.apple.product-type.tool";
		};
/* End PBXNativeTarget section */

/* Begin PBXProject section */
		3CB182ED2005690E007E9EF6 /* Project object */ = {
			isa = PBXProject;
			attributes = {
				LastUpgradeCheck = 0920;
				ORGANIZATIONNAME = "Brandon Kervin";
				TargetAttributes = {
					3CB182F42005690E007E9EF6 = {
						CreatedOnToolsVersion = 9.2;
						ProvisioningStyle = Automatic;
					};
				};
			};
			buildConfigurationList = 3CB182F02005690E007E9EF6 /* Build configuration list for PBXProject "OpenGLPractice" */;
			compatibilityVersion = "Xcode 8.0";
			developmentRegion = en;
			hasScannedForEncodings = 0;
			knownRegions = (
				en,
			);
			mainGroup = 3CB182EC2005690E007E9EF6;
			productRefGroup = 3CB182F62005690E007E9EF6 /* Products */;
			projectDirPath = "";
			projectRoot = "";
			targets = (
				3CB182F42005690E007E9EF6 /* OpenGLPractice */,
			);
		};
/* End PBXProject section */

/* Begin PBXSourcesBuildPhase section */
		3CB182F12005690E007E9EF6 /* Sources */ = {
			isa = PBXSourcesBuildPhase;
			buildActionMask = 2147483647;
			files = (
				3CB1831E2005C582007E9EF6 /* cube.cpp in Sources */,
				3CB1830820056C5D007E9EF6 /* shader.cpp in Sources */,
				3CFB484920069CC100F60A4D /* text.cpp in Sources */,
				3CB1830B20056CEC007E9EF6 /* buffer.cpp in Sources */,
				3CB1832820068168007E9EF6 /* chunk.cpp in Sources */,
				3CB182F92005690E007E9EF6 /* main.cpp in Sources */,
				3CB1831220058576007E9EF6 /* texture.cpp in Sources */,
				3CB183042005697E007E9EF6 /* window.cpp in Sources */,
				3CB1830E20057C38007E9EF6 /* camera.cpp in Sources */,
			);
			runOnlyForDeploymentPostprocessing = 0;
		};
/* End PBXSourcesBuildPhase section */

/* Begin XCBuildConfiguration section */
		3CB182FA2005690E007E9EF6 /* Debug */ = {
			isa = XCBuildConfiguration;
			buildSettings = {
				ALWAYS_SEARCH_USER_PATHS = NO;
				CLANG_ANALYZER_NONNULL = YES;
				CLANG_ANALYZER_NUMBER_OBJECT_CONVERSION = YES_AGGRESSIVE;
				CLANG_CXX_LANGUAGE_STANDARD = "gnu++14";
				CLANG_CXX_LIBRARY = "libc++";
				CLANG_ENABLE_MODULES = YES;
				CLANG_ENABLE_OBJC_ARC = YES;
				CLANG_WARN_BLOCK_CAPTURE_AUTORELEASING = YES;
				CLANG_WARN_BOOL_CONVERSION = YES;
				CLANG_WARN_COMMA = YES;
				CLANG_WARN_CONSTANT_CONVERSION = YES;
				CLANG_WARN_DIRECT_OBJC_ISA_USAGE = YES_ERROR;
				CLANG_WARN_DOCUMENTATION_COMMENTS = YES;
				CLANG_WARN_EMPTY_BODY = YES;
				CLANG_WARN_ENUM_CONVERSION = YES;
				CLANG_WARN_INFINITE_RECURSION = YES;
				CLANG_WARN_INT_CONVERSION = YES;
				CLANG_WARN_NON_LITERAL_NULL_CONVERSION = YES;
				CLANG_WARN_OBJC_LITERAL_CONVERSION = YES;
				CLANG_WARN_OBJC_ROOT_CLASS = YES_ERROR;
				CLANG_WARN_RANGE_LOOP_ANALYSIS = YES;
				CLANG_WARN_STRICT_PROTOTYPES = YES;
				CLANG_WARN_SUSPICIOUS_MOVE = YES;
				CLANG_WARN_UNGUARDED_AVAILABILITY = YES_AGGRESSIVE;
				CLANG_WARN_UNREACHABLE_CODE = YES;
				CLANG_WARN__DUPLICATE_METHOD_MATCH = YES;
				CODE_SIGN_IDENTITY = "-";
				COPY_PHASE_STRIP = NO;
				DEBUG_INFORMATION_FORMAT = dwarf;
				ENABLE_STRICT_OBJC_MSGSEND = YES;
				ENABLE_TESTABILITY = YES;
				GCC_C_LANGUAGE_STANDARD = gnu11;
				GCC_DYNAMIC_NO_PIC = NO;
				GCC_NO_COMMON_BLOCKS = YES;
				GCC_OPTIMIZATION_LEVEL = 0;
				GCC_PREPROCESSOR_DEFINITIONS = (
					"DEBUG=1",
					"$(inherited)",
				);
				GCC_WARN_64_TO_32_BIT_CONVERSION = YES;
				GCC_WARN_ABOUT_RETURN_TYPE = YES_ERROR;
				GCC_WARN_UNDECLARED_SELECTOR = YES;
				GCC_WARN_UNINITIALIZED_AUTOS = YES_AGGRESSIVE;
				GCC_WARN_UNUSED_FUNCTION = YES;
				GCC_WARN_UNUSED_VARIABLE = YES;
				MACOSX_DEPLOYMENT_TARGET = 10.13;
				MTL_ENABLE_DEBUG_INFO = YES;
				ONLY_ACTIVE_ARCH = YES;
				SDKROOT = macosx;
			};
			name = Debug;
		};
		3CB182FB2005690E007E9EF6 /* Release */ = {
			isa = XCBuildConfiguration;
			buildSettings = {
				ALWAYS_SEARCH_USER_PATHS = NO;
				CLANG_ANALYZER_NONNULL = YES;
				CLANG_ANALYZER_NUMBER_OBJECT_CONVERSION = YES_AGGRESSIVE;
				CLANG_CXX_LANGUAGE_STANDARD = "gnu++14";
				CLANG_CXX_LIBRARY = "libc++";
				CLANG_ENABLE_MODULES = YES;
				CLANG_ENABLE_OBJC_ARC = YES;
				CLANG_WARN_BLOCK_CAPTURE_AUTORELEASING = YES;
				CLANG_WARN_BOOL_CONVERSION = YES;
				CLANG_WARN_COMMA = YES;
				CLANG_WARN_CONSTANT_CONVERSION = YES;
				CLANG_WARN_DIRECT_OBJC_ISA_USAGE = YES_ERROR;
				CLANG_WARN_DOCUMENTATION_COMMENTS = YES;
				CLANG_WARN_EMPTY_BODY = YES;
				CLANG_WARN_ENUM_CONVERSION = YES;
				CLANG_WARN_INFINITE_RECURSION = YES;
				CLANG_WARN_INT_CONVERSION = YES;
				CLANG_WARN_NON_LITERAL_NULL_CONVERSION = YES;
				CLANG_WARN_OBJC_LITERAL_CONVERSION = YES;
				CLANG_WARN_OBJC_ROOT_CLASS = YES_ERROR;
				CLANG_WARN_RANGE_LOOP_ANALYSIS = YES;
				CLANG_WARN_STRICT_PROTOTYPES = YES;
				CLANG_WARN_SUSPICIOUS_MOVE = YES;
				CLANG_WARN_UNGUARDED_AVAILABILITY = YES_AGGRESSIVE;
				CLANG_WARN_UNREACHABLE_CODE = YES;
				CLANG_WARN__DUPLICATE_METHOD_MATCH = YES;
				CODE_SIGN_IDENTITY = "-";
				COPY_PHASE_STRIP = NO;
				DEBUG_INFORMATION_FORMAT = "dwarf-with-dsym";
				ENABLE_NS_ASSERTIONS = NO;
				ENABLE_STRICT_OBJC_MSGSEND = YES;
				GCC_C_LANGUAGE_STANDARD = gnu11;
				GCC_NO_COMMON_BLOCKS = YES;
				GCC_WARN_64_TO_32_BIT_CONVERSION = YES;
				GCC_WARN_ABOUT_RETURN_TYPE = YES_ERROR;
				GCC_WARN_UNDECLARED_SELECTOR = YES;
				GCC_WARN_UNINITIALIZED_AUTOS = YES_AGGRESSIVE;
				GCC_WARN_UNUSED_FUNCTION = YES;
				GCC_WARN_UNUSED_VARIABLE = YES;
				MACOSX_DEPLOYMENT_TARGET = 10.13;
				MTL_ENABLE_DEBUG_INFO = NO;
				SDKROOT = macosx;
			};
			name = Release;
		};
		3CB182FD2005690E007E9EF6 /* Debug */ = {
			isa = XCBuildConfiguration;
			buildSettings = {
				CODE_SIGN_STYLE = Automatic;
				HEADER_SEARCH_PATHS = (
					/usr/local/Cellar/glm/0.9.8.5/include/,
					/usr/local/include/,
				);
				LIBRARY_SEARCH_PATHS = /usr/local/lib/;
				OTHER_LDFLAGS = (
					"-lGLFW",
					"-lfreetype",
				);
				PRODUCT_NAME = "$(TARGET_NAME)";
			};
			name = Debug;
		};
		3CB182FE2005690E007E9EF6 /* Release */ = {
			isa = XCBuildConfiguration;
			buildSettings = {
				CODE_SIGN_STYLE = Automatic;
				HEADER_SEARCH_PATHS = (
					/usr/local/Cellar/glm/0.9.8.5/include/,
					/usr/local/include/,
				);
				LIBRARY_SEARCH_PATHS = /usr/local/lib/;
				OTHER_LDFLAGS = (
					"-lGLFW",
					"-lfreetype",
				);
				PRODUCT_NAME = "$(TARGET_NAME)";
			};
			name = Release;
		};
/* End XCBuildConfiguration section */

/* Begin XCConfigurationList section */
		3CB182F02005690E007E9EF6 /* Build configuration list for PBXProject "OpenGLPractice" */ = {
			isa = XCConfigurationList;
			buildConfigurations = (
				3CB182FA2005690E007E9EF6 /* Debug */,
				3CB182FB2005690E007E9EF6 /* Release */,
			);
			defaultConfigurationIsVisible = 0;
			defaultConfigurationName = Release;
		};
		3CB182FC2005690E007E9EF6 /* Build configuration list for PBXNativeTarget "OpenGLPractice" */ = {
			isa = XCConfigurationList;
			buildConfigurations = (
				3CB182FD2005690E007E9EF6 /* Debug */,
				3CB182FE2005690E007E9EF6 /* Release */,
			);
			defaultConfigurationIsVisible = 0;
			defaultConfigurationName = Release;
		};
/* End XCConfigurationList section */
	};
	rootObject = 3CB182ED2005690E007E9EF6 /* Project object */;
}
